
Microsoft Visual Studio Solution File, Format Version 12.00
# Visual Studio Version 17
VisualStudioVersion = 17.11.35327.3
MinimumVisualStudioVersion = 10.0.40219.1
Project("{FAE04EC0-301F-11D3-BF4B-00C04F79EFBC}") = "SmartSurprise.Web", "SmartSurprise.Web\SmartSurprise.Web.csproj", "{7CF5AA5C-3445-438B-A5E1-A026F5D286FE}"
EndProject
Global
	GlobalSection(SolutionConfigurationPlatforms) = preSolution
		Debug|Any CPU = Debug|Any CPU
		Release|Any CPU = Release|Any CPU
	EndGlobalSection
	GlobalSection(ProjectConfigurationPlatforms) = postSolution
		{7CF5AA5C-3445-438B-A5E1-A026F5D286FE}.Debug|Any CPU.ActiveCfg = Debug|Any CPU
		{7CF5AA5C-3445-438B-A5E1-A026F5D286FE}.Debug|Any CPU.Build.0 = Debug|Any CPU
		{7CF5AA5C-3445-438B-A5E1-A026F5D286FE}.Release|Any CPU.ActiveCfg = Release|Any CPU
		{7CF5AA5C-3445-438B-A5E1-A026F5D286FE}.Release|Any CPU.Build.0 = Release|Any CPU
	EndGlobalSection
	GlobalSection(SolutionProperties) = preSolution
		HideSolutionNode = FALSE
	EndGlobalSection
	GlobalSection(ExtensibilityGlobals) = postSolution
		SolutionGuid = {8D5FB6C6-E6FC-4D91-84EA-6DB2A07C57DE}
	EndGlobalSection
EndGlobal
